// !$*UTF8*$!
{
	archiveVersion = 1;
	classes = {
	};
	objectVersion = 50;
	objects = {

/* Begin PBXBuildFile section */
		1C25952B21C7D3F400562F00 /* AKPickerDataSourceAndDelegate.swift in Sources */ = {isa = PBXBuildFile; fileRef = 1C25952A21C7D3F400562F00 /* AKPickerDataSourceAndDelegate.swift */; };
		1C25952D21C7D48F00562F00 /* AKImagePickerCell.swift in Sources */ = {isa = PBXBuildFile; fileRef = 1C25952C21C7D48F00562F00 /* AKImagePickerCell.swift */; };
		1CD107E821C8ED4400048DA2 /* ContainerViewController.swift in Sources */ = {isa = PBXBuildFile; fileRef = 1CD107E721C8ED4400048DA2 /* ContainerViewController.swift */; };
		1CD107EA21C8F50F00048DA2 /* AKNetworkManager.swift in Sources */ = {isa = PBXBuildFile; fileRef = 1CD107E921C8F50F00048DA2 /* AKNetworkManager.swift */; };
		1CD107EC21C9003C00048DA2 /* CameraViewController.swift in Sources */ = {isa = PBXBuildFile; fileRef = 1CD107EB21C9003C00048DA2 /* CameraViewController.swift */; };
		1CEA4FA021C7A41200D47389 /* AppDelegate.swift in Sources */ = {isa = PBXBuildFile; fileRef = 1CEA4F9F21C7A41200D47389 /* AppDelegate.swift */; };
		1CEA4FA221C7A41200D47389 /* AKMultipleImagePickerController.swift in Sources */ = {isa = PBXBuildFile; fileRef = 1CEA4FA121C7A41200D47389 /* AKMultipleImagePickerController.swift */; };
		1CEA4FA521C7A41200D47389 /* Main.storyboard in Resources */ = {isa = PBXBuildFile; fileRef = 1CEA4FA321C7A41200D47389 /* Main.storyboard */; };
		1CEA4FA721C7A41600D47389 /* Assets.xcassets in Resources */ = {isa = PBXBuildFile; fileRef = 1CEA4FA621C7A41600D47389 /* Assets.xcassets */; };
		1CEA4FAA21C7A41600D47389 /* LaunchScreen.storyboard in Resources */ = {isa = PBXBuildFile; fileRef = 1CEA4FA821C7A41600D47389 /* LaunchScreen.storyboard */; };
		1CEA4FB321C7CF3E00D47389 /* AKImageCollectionView.swift in Sources */ = {isa = PBXBuildFile; fileRef = 1CEA4FB221C7CF3E00D47389 /* AKImageCollectionView.swift */; };
		D1D093A766A1E9C2DEA2B7FD /* Pods_AKMultipleImagePicker.framework in Frameworks */ = {isa = PBXBuildFile; fileRef = 1E77C7E6CB67D32E31616085 /* Pods_AKMultipleImagePicker.framework */; };
/* End PBXBuildFile section */

/* Begin PBXFileReference section */
		1C25952A21C7D3F400562F00 /* AKPickerDataSourceAndDelegate.swift */ = {isa = PBXFileReference; lastKnownFileType = sourcecode.swift; path = AKPickerDataSourceAndDelegate.swift; sourceTree = "<group>"; };
		1C25952C21C7D48F00562F00 /* AKImagePickerCell.swift */ = {isa = PBXFileReference; lastKnownFileType = sourcecode.swift; path = AKImagePickerCell.swift; sourceTree = "<group>"; };
		1CD107E721C8ED4400048DA2 /* ContainerViewController.swift */ = {isa = PBXFileReference; lastKnownFileType = sourcecode.swift; path = ContainerViewController.swift; sourceTree = "<group>"; };
		1CD107E921C8F50F00048DA2 /* AKNetworkManager.swift */ = {isa = PBXFileReference; lastKnownFileType = sourcecode.swift; path = AKNetworkManager.swift; sourceTree = "<group>"; };
		1CD107EB21C9003C00048DA2 /* CameraViewController.swift */ = {isa = PBXFileReference; lastKnownFileType = sourcecode.swift; path = CameraViewController.swift; sourceTree = "<group>"; };
		1CEA4F9C21C7A41200D47389 /* AKMultipleImagePicker.app */ = {isa = PBXFileReference; explicitFileType = wrapper.application; includeInIndex = 0; path = AKMultipleImagePicker.app; sourceTree = BUILT_PRODUCTS_DIR; };
		1CEA4F9F21C7A41200D47389 /* AppDelegate.swift */ = {isa = PBXFileReference; lastKnownFileType = sourcecode.swift; path = AppDelegate.swift; sourceTree = "<group>"; };
		1CEA4FA121C7A41200D47389 /* AKMultipleImagePickerController.swift */ = {isa = PBXFileReference; lastKnownFileType = sourcecode.swift; path = AKMultipleImagePickerController.swift; sourceTree = "<group>"; };
		1CEA4FA421C7A41200D47389 /* Base */ = {isa = PBXFileReference; lastKnownFileType = file.storyboard; name = Base; path = Base.lproj/Main.storyboard; sourceTree = "<group>"; };
		1CEA4FA621C7A41600D47389 /* Assets.xcassets */ = {isa = PBXFileReference; lastKnownFileType = folder.assetcatalog; path = Assets.xcassets; sourceTree = "<group>"; };
		1CEA4FA921C7A41600D47389 /* Base */ = {isa = PBXFileReference; lastKnownFileType = file.storyboard; name = Base; path = Base.lproj/LaunchScreen.storyboard; sourceTree = "<group>"; };
		1CEA4FAB21C7A41600D47389 /* Info.plist */ = {isa = PBXFileReference; lastKnownFileType = text.plist.xml; path = Info.plist; sourceTree = "<group>"; };
		1CEA4FB221C7CF3E00D47389 /* AKImageCollectionView.swift */ = {isa = PBXFileReference; lastKnownFileType = sourcecode.swift; path = AKImageCollectionView.swift; sourceTree = "<group>"; };
		1E77C7E6CB67D32E31616085 /* Pods_AKMultipleImagePicker.framework */ = {isa = PBXFileReference; explicitFileType = wrapper.framework; includeInIndex = 0; path = Pods_AKMultipleImagePicker.framework; sourceTree = BUILT_PRODUCTS_DIR; };
		5F51053BFC1F1A48F8B5AB92 /* Pods-AKMultipleImagePicker.release.xcconfig */ = {isa = PBXFileReference; includeInIndex = 1; lastKnownFileType = text.xcconfig; name = "Pods-AKMultipleImagePicker.release.xcconfig"; path = "Pods/Target Support Files/Pods-AKMultipleImagePicker/Pods-AKMultipleImagePicker.release.xcconfig"; sourceTree = "<group>"; };
		F8D6C6773278A3072C802D20 /* Pods-AKMultipleImagePicker.debug.xcconfig */ = {isa = PBXFileReference; includeInIndex = 1; lastKnownFileType = text.xcconfig; name = "Pods-AKMultipleImagePicker.debug.xcconfig"; path = "Pods/Target Support Files/Pods-AKMultipleImagePicker/Pods-AKMultipleImagePicker.debug.xcconfig"; sourceTree = "<group>"; };
/* End PBXFileReference section */

/* Begin PBXFrameworksBuildPhase section */
		1CEA4F9921C7A41200D47389 /* Frameworks */ = {
			isa = PBXFrameworksBuildPhase;
			buildActionMask = 2147483647;
			files = (
				D1D093A766A1E9C2DEA2B7FD /* Pods_AKMultipleImagePicker.framework in Frameworks */,
			);
			runOnlyForDeploymentPostprocessing = 0;
		};
/* End PBXFrameworksBuildPhase section */

/* Begin PBXGroup section */
		05956196A2C7118094EE0A8E /* Pods */ = {
			isa = PBXGroup;
			children = (
				F8D6C6773278A3072C802D20 /* Pods-AKMultipleImagePicker.debug.xcconfig */,
				5F51053BFC1F1A48F8B5AB92 /* Pods-AKMultipleImagePicker.release.xcconfig */,
			);
			name = Pods;
			sourceTree = "<group>";
		};
		1CEA4F9321C7A41200D47389 = {
			isa = PBXGroup;
			children = (
				1CEA4FB121C7CF0700D47389 /* --- */,
				1CEA4F9E21C7A41200D47389 /* AKMultipleImagePicker */,
				1CEA4F9D21C7A41200D47389 /* Products */,
				05956196A2C7118094EE0A8E /* Pods */,
				3EE3A301F9F70CAD7606689F /* Frameworks */,
			);
			sourceTree = "<group>";
		};
		1CEA4F9D21C7A41200D47389 /* Products */ = {
			isa = PBXGroup;
			children = (
				1CEA4F9C21C7A41200D47389 /* AKMultipleImagePicker.app */,
			);
			name = Products;
			sourceTree = "<group>";
		};
		1CEA4F9E21C7A41200D47389 /* AKMultipleImagePicker */ = {
			isa = PBXGroup;
			children = (
				1CEA4FB221C7CF3E00D47389 /* AKImageCollectionView.swift */,
				1C25952C21C7D48F00562F00 /* AKImagePickerCell.swift */,
				1CEA4F9F21C7A41200D47389 /* AppDelegate.swift */,
				1CEA4FA321C7A41200D47389 /* Main.storyboard */,
				1CEA4FA621C7A41600D47389 /* Assets.xcassets */,
				1CEA4FA821C7A41600D47389 /* LaunchScreen.storyboard */,
				1CEA4FAB21C7A41600D47389 /* Info.plist */,
			);
			path = AKMultipleImagePicker;
			sourceTree = "<group>";
		};
		1CEA4FB121C7CF0700D47389 /* --- */ = {
			isa = PBXGroup;
			children = (
				1CD107E721C8ED4400048DA2 /* ContainerViewController.swift */,
				1CEA4FA121C7A41200D47389 /* AKMultipleImagePickerController.swift */,
				1C25952A21C7D3F400562F00 /* AKPickerDataSourceAndDelegate.swift */,
				1CD107E921C8F50F00048DA2 /* AKNetworkManager.swift */,
				1CD107EB21C9003C00048DA2 /* CameraViewController.swift */,
			);
			path = "---";
			sourceTree = "<group>";
		};
		3EE3A301F9F70CAD7606689F /* Frameworks */ = {
			isa = PBXGroup;
			children = (
				1E77C7E6CB67D32E31616085 /* Pods_AKMultipleImagePicker.framework */,
			);
			name = Frameworks;
			sourceTree = "<group>";
		};
/* End PBXGroup section */

/* Begin PBXNativeTarget section */
		1CEA4F9B21C7A41200D47389 /* AKMultipleImagePicker */ = {
			isa = PBXNativeTarget;
			buildConfigurationList = 1CEA4FAE21C7A41600D47389 /* Build configuration list for PBXNativeTarget "AKMultipleImagePicker" */;
			buildPhases = (
				6B639E75C30C50095C4499F5 /* [CP] Check Pods Manifest.lock */,
				1CEA4F9821C7A41200D47389 /* Sources */,
				1CEA4F9921C7A41200D47389 /* Frameworks */,
				1CEA4F9A21C7A41200D47389 /* Resources */,
				9CFB9FBC85BCAD1792F7B6A8 /* [CP] Embed Pods Frameworks */,
				5526A09A3949EBA8022734BA /* [CP] Copy Pods Resources */,
			);
			buildRules = (
			);
			dependencies = (
			);
			name = AKMultipleImagePicker;
			productName = AKMultipleImagePicker;
			productReference = 1CEA4F9C21C7A41200D47389 /* AKMultipleImagePicker.app */;
			productType = "com.apple.product-type.application";
		};
/* End PBXNativeTarget section */

/* Begin PBXProject section */
		1CEA4F9421C7A41200D47389 /* Project object */ = {
			isa = PBXProject;
			attributes = {
				LastSwiftUpdateCheck = 1010;
				LastUpgradeCheck = 1010;
				ORGANIZATIONNAME = "Amia Macone";
				TargetAttributes = {
					1CEA4F9B21C7A41200D47389 = {
						CreatedOnToolsVersion = 10.1;
					};
				};
			};
			buildConfigurationList = 1CEA4F9721C7A41200D47389 /* Build configuration list for PBXProject "AKMultipleImagePicker" */;
			compatibilityVersion = "Xcode 9.3";
			developmentRegion = en;
			hasScannedForEncodings = 0;
			knownRegions = (
				en,
				Base,
			);
			mainGroup = 1CEA4F9321C7A41200D47389;
			productRefGroup = 1CEA4F9D21C7A41200D47389 /* Products */;
			projectDirPath = "";
			projectRoot = "";
			targets = (
				1CEA4F9B21C7A41200D47389 /* AKMultipleImagePicker */,
			);
		};
/* End PBXProject section */

/* Begin PBXResourcesBuildPhase section */
		1CEA4F9A21C7A41200D47389 /* Resources */ = {
			isa = PBXResourcesBuildPhase;
			buildActionMask = 2147483647;
			files = (
				1CEA4FAA21C7A41600D47389 /* LaunchScreen.storyboard in Resources */,
				1CEA4FA721C7A41600D47389 /* Assets.xcassets in Resources */,
				1CEA4FA521C7A41200D47389 /* Main.storyboard in Resources */,
			);
			runOnlyForDeploymentPostprocessing = 0;
		};
/* End PBXResourcesBuildPhase section */

/* Begin PBXShellScriptBuildPhase section */
		5526A09A3949EBA8022734BA /* [CP] Copy Pods Resources */ = {
			isa = PBXShellScriptBuildPhase;
			buildActionMask = 2147483647;
			files = (
			);
			inputPaths = (
			);
			name = "[CP] Copy Pods Resources";
			outputPaths = (
			);
			runOnlyForDeploymentPostprocessing = 0;
			shellPath = /bin/sh;
			shellScript = "\"${SRCROOT}/Pods/Target Support Files/Pods-AKMultipleImagePicker/Pods-AKMultipleImagePicker-resources.sh\"\n";
			showEnvVarsInLog = 0;
		};
		6B639E75C30C50095C4499F5 /* [CP] Check Pods Manifest.lock */ = {
			isa = PBXShellScriptBuildPhase;
			buildActionMask = 2147483647;
			files = (
			);
			inputPaths = (
				"${PODS_PODFILE_DIR_PATH}/Podfile.lock",
				"${PODS_ROOT}/Manifest.lock",
			);
			name = "[CP] Check Pods Manifest.lock";
			outputPaths = (
				"$(DERIVED_FILE_DIR)/Pods-AKMultipleImagePicker-checkManifestLockResult.txt",
			);
			runOnlyForDeploymentPostprocessing = 0;
			shellPath = /bin/sh;
			shellScript = "diff \"${PODS_PODFILE_DIR_PATH}/Podfile.lock\" \"${PODS_ROOT}/Manifest.lock\" > /dev/null\nif [ $? != 0 ] ; then\n    # print error to STDERR\n    echo \"error: The sandbox is not in sync with the Podfile.lock. Run 'pod install' or update your CocoaPods installation.\" >&2\n    exit 1\nfi\n# This output is used by Xcode 'outputs' to avoid re-running this script phase.\necho \"SUCCESS\" > \"${SCRIPT_OUTPUT_FILE_0}\"\n";
			showEnvVarsInLog = 0;
		};
		9CFB9FBC85BCAD1792F7B6A8 /* [CP] Embed Pods Frameworks */ = {
			isa = PBXShellScriptBuildPhase;
			buildActionMask = 2147483647;
			files = (
			);
			inputPaths = (
				"${SRCROOT}/Pods/Target Support Files/Pods-AKMultipleImagePicker/Pods-AKMultipleImagePicker-frameworks.sh",
				"${BUILT_PRODUCTS_DIR}/SnapKit/SnapKit.framework",
			);
			name = "[CP] Embed Pods Frameworks";
			outputPaths = (
				"${TARGET_BUILD_DIR}/${FRAMEWORKS_FOLDER_PATH}/SnapKit.framework",
			);
			runOnlyForDeploymentPostprocessing = 0;
			shellPath = /bin/sh;
			shellScript = "\"${SRCROOT}/Pods/Target Support Files/Pods-AKMultipleImagePicker/Pods-AKMultipleImagePicker-frameworks.sh\"\n";
			showEnvVarsInLog = 0;
		};
/* End PBXShellScriptBuildPhase section */

/* Begin PBXSourcesBuildPhase section */
		1CEA4F9821C7A41200D47389 /* Sources */ = {
			isa = PBXSourcesBuildPhase;
			buildActionMask = 2147483647;
			files = (
				1CD107EA21C8F50F00048DA2 /* AKNetworkManager.swift in Sources */,
				1CEA4FA221C7A41200D47389 /* AKMultipleImagePickerController.swift in Sources */,
				1C25952B21C7D3F400562F00 /* AKPickerDataSourceAndDelegate.swift in Sources */,
				1CEA4FA021C7A41200D47389 /* AppDelegate.swift in Sources */,
				1C25952D21C7D48F00562F00 /* AKImagePickerCell.swift in Sources */,
				1CD107EC21C9003C00048DA2 /* CameraViewController.swift in Sources */,
				1CD107E821C8ED4400048DA2 /* ContainerViewController.swift in Sources */,
				1CEA4FB321C7CF3E00D47389 /* AKImageCollectionView.swift in Sources */,
			);
			runOnlyForDeploymentPostprocessing = 0;
		};
/* End PBXSourcesBuildPhase section */

/* Begin PBXVariantGroup section */
		1CEA4FA321C7A41200D47389 /* Main.storyboard */ = {
			isa = PBXVariantGroup;
			children = (
				1CEA4FA421C7A41200D47389 /* Base */,
			);
			name = Main.storyboard;
			sourceTree = "<group>";
		};
		1CEA4FA821C7A41600D47389 /* LaunchScreen.storyboard */ = {
			isa = PBXVariantGroup;
			children = (
				1CEA4FA921C7A41600D47389 /* Base */,
			);
			name = LaunchScreen.storyboard;
			sourceTree = "<group>";
		};
/* End PBXVariantGroup section */

/* Begin XCBuildConfiguration section */
		1CEA4FAC21C7A41600D47389 /* Debug */ = {
			isa = XCBuildConfiguration;
			buildSettings = {
				ALWAYS_SEARCH_USER_PATHS = NO;
				CLANG_ANALYZER_NONNULL = YES;
				CLANG_ANALYZER_NUMBER_OBJECT_CONVERSION = YES_AGGRESSIVE;
				CLANG_CXX_LANGUAGE_STANDARD = "gnu++14";
				CLANG_CXX_LIBRARY = "libc++";
				CLANG_ENABLE_MODULES = YES;
				CLANG_ENABLE_OBJC_ARC = YES;
				CLANG_ENABLE_OBJC_WEAK = YES;
				CLANG_WARN_BLOCK_CAPTURE_AUTORELEASING = YES;
				CLANG_WARN_BOOL_CONVERSION = YES;
				CLANG_WARN_COMMA = YES;
				CLANG_WARN_CONSTANT_CONVERSION = YES;
				CLANG_WARN_DEPRECATED_OBJC_IMPLEMENTATIONS = YES;
				CLANG_WARN_DIRECT_OBJC_ISA_USAGE = YES_ERROR;
				CLANG_WARN_DOCUMENTATION_COMMENTS = YES;
				CLANG_WARN_EMPTY_BODY = YES;
				CLANG_WARN_ENUM_CONVERSION = YES;
				CLANG_WARN_INFINITE_RECURSION = YES;
				CLANG_WARN_INT_CONVERSION = YES;
				CLANG_WARN_NON_LITERAL_NULL_CONVERSION = YES;
				CLANG_WARN_OBJC_IMPLICIT_RETAIN_SELF = YES;
				CLANG_WARN_OBJC_LITERAL_CONVERSION = YES;
				CLANG_WARN_OBJC_ROOT_CLASS = YES_ERROR;
				CLANG_WARN_RANGE_LOOP_ANALYSIS = YES;
				CLANG_WARN_STRICT_PROTOTYPES = YES;
				CLANG_WARN_SUSPICIOUS_MOVE = YES;
				CLANG_WARN_UNGUARDED_AVAILABILITY = YES_AGGRESSIVE;
				CLANG_WARN_UNREACHABLE_CODE = YES;
				CLANG_WARN__DUPLICATE_METHOD_MATCH = YES;
				CODE_SIGN_IDENTITY = "iPhone Developer";
				COPY_PHASE_STRIP = NO;
				DEBUG_INFORMATION_FORMAT = dwarf;
				ENABLE_STRICT_OBJC_MSGSEND = YES;
				ENABLE_TESTABILITY = YES;
				GCC_C_LANGUAGE_STANDARD = gnu11;
				GCC_DYNAMIC_NO_PIC = NO;
				GCC_NO_COMMON_BLOCKS = YES;
				GCC_OPTIMIZATION_LEVEL = 0;
				GCC_PREPROCESSOR_DEFINITIONS = (
					"DEBUG=1",
					"$(inherited)",
				);
				GCC_WARN_64_TO_32_BIT_CONVERSION = YES;
				GCC_WARN_ABOUT_RETURN_TYPE = YES_ERROR;
				GCC_WARN_UNDECLARED_SELECTOR = YES;
				GCC_WARN_UNINITIALIZED_AUTOS = YES_AGGRESSIVE;
				GCC_WARN_UNUSED_FUNCTION = YES;
				GCC_WARN_UNUSED_VARIABLE = YES;
				IPHONEOS_DEPLOYMENT_TARGET = 12.1;
				MTL_ENABLE_DEBUG_INFO = INCLUDE_SOURCE;
				MTL_FAST_MATH = YES;
				ONLY_ACTIVE_ARCH = YES;
				SDKROOT = iphoneos;
				SWIFT_ACTIVE_COMPILATION_CONDITIONS = DEBUG;
				SWIFT_OPTIMIZATION_LEVEL = "-Onone";
			};
			name = Debug;
		};
		1CEA4FAD21C7A41600D47389 /* Release */ = {
			isa = XCBuildConfiguration;
			buildSettings = {
				ALWAYS_SEARCH_USER_PATHS = NO;
				CLANG_ANALYZER_NONNULL = YES;
				CLANG_ANALYZER_NUMBER_OBJECT_CONVERSION = YES_AGGRESSIVE;
				CLANG_CXX_LANGUAGE_STANDARD = "gnu++14";
				CLANG_CXX_LIBRARY = "libc++";
				CLANG_ENABLE_MODULES = YES;
				CLANG_ENABLE_OBJC_ARC = YES;
				CLANG_ENABLE_OBJC_WEAK = YES;
				CLANG_WARN_BLOCK_CAPTURE_AUTORELEASING = YES;
				CLANG_WARN_BOOL_CONVERSION = YES;
				CLANG_WARN_COMMA = YES;
				CLANG_WARN_CONSTANT_CONVERSION = YES;
				CLANG_WARN_DEPRECATED_OBJC_IMPLEMENTATIONS = YES;
				CLANG_WARN_DIRECT_OBJC_ISA_USAGE = YES_ERROR;
				CLANG_WARN_DOCUMENTATION_COMMENTS = YES;
				CLANG_WARN_EMPTY_BODY = YES;
				CLANG_WARN_ENUM_CONVERSION = YES;
				CLANG_WARN_INFINITE_RECURSION = YES;
				CLANG_WARN_INT_CONVERSION = YES;
				CLANG_WARN_NON_LITERAL_NULL_CONVERSION = YES;
				CLANG_WARN_OBJC_IMPLICIT_RETAIN_SELF = YES;
				CLANG_WARN_OBJC_LITERAL_CONVERSION = YES;
				CLANG_WARN_OBJC_ROOT_CLASS = YES_ERROR;
				CLANG_WARN_RANGE_LOOP_ANALYSIS = YES;
				CLANG_WARN_STRICT_PROTOTYPES = YES;
				CLANG_WARN_SUSPICIOUS_MOVE = YES;
				CLANG_WARN_UNGUARDED_AVAILABILITY = YES_AGGRESSIVE;
				CLANG_WARN_UNREACHABLE_CODE = YES;
				CLANG_WARN__DUPLICATE_METHOD_MATCH = YES;
				CODE_SIGN_IDENTITY = "iPhone Developer";
				COPY_PHASE_STRIP = NO;
				DEBUG_INFORMATION_FORMAT = "dwarf-with-dsym";
				ENABLE_NS_ASSERTIONS = NO;
				ENABLE_STRICT_OBJC_MSGSEND = YES;
				GCC_C_LANGUAGE_STANDARD = gnu11;
				GCC_NO_COMMON_BLOCKS = YES;
				GCC_WARN_64_TO_32_BIT_CONVERSION = YES;
				GCC_WARN_ABOUT_RETURN_TYPE = YES_ERROR;
				GCC_WARN_UNDECLARED_SELECTOR = YES;
				GCC_WARN_UNINITIALIZED_AUTOS = YES_AGGRESSIVE;
				GCC_WARN_UNUSED_FUNCTION = YES;
				GCC_WARN_UNUSED_VARIABLE = YES;
				IPHONEOS_DEPLOYMENT_TARGET = 12.1;
				MTL_ENABLE_DEBUG_INFO = NO;
				MTL_FAST_MATH = YES;
				SDKROOT = iphoneos;
				SWIFT_COMPILATION_MODE = wholemodule;
				SWIFT_OPTIMIZATION_LEVEL = "-O";
				VALIDATE_PRODUCT = YES;
			};
			name = Release;
		};
		1CEA4FAF21C7A41600D47389 /* Debug */ = {
			isa = XCBuildConfiguration;
			baseConfigurationReference = F8D6C6773278A3072C802D20 /* Pods-AKMultipleImagePicker.debug.xcconfig */;
			buildSettings = {
				ASSETCATALOG_COMPILER_APPICON_NAME = AppIcon;
				CODE_SIGN_STYLE = Automatic;
				DEVELOPMENT_TEAM = H8UR4CP3F7;
				INFOPLIST_FILE = AKMultipleImagePicker/Info.plist;
				LD_RUNPATH_SEARCH_PATHS = (
					"$(inherited)",
					"@executable_path/Frameworks",
				);
				PRODUCT_BUNDLE_IDENTIFIER = Testmaster.AKMultipleImagePicker;
				PRODUCT_NAME = "$(TARGET_NAME)";
				SWIFT_VERSION = 4.2;
				TARGETED_DEVICE_FAMILY = "1,2";
			};
			name = Debug;
		};
		1CEA4FB021C7A41600D47389 /* Release */ = {
			isa = XCBuildConfiguration;
			baseConfigurationReference = 5F51053BFC1F1A48F8B5AB92 /* Pods-AKMultipleImagePicker.release.xcconfig */;
			buildSettings = {
				ASSETCATALOG_COMPILER_APPICON_NAME = AppIcon;
				CODE_SIGN_STYLE = Automatic;
				DEVELOPMENT_TEAM = H8UR4CP3F7;
				INFOPLIST_FILE = AKMultipleImagePicker/Info.plist;
				LD_RUNPATH_SEARCH_PATHS = (
					"$(inherited)",
					"@executable_path/Frameworks",
				);
				PRODUCT_BUNDLE_IDENTIFIER = Testmaster.AKMultipleImagePicker;
				PRODUCT_NAME = "$(TARGET_NAME)";
				SWIFT_VERSION = 4.2;
				TARGETED_DEVICE_FAMILY = "1,2";
			};
			name = Release;
		};
/* End XCBuildConfiguration section */

/* Begin XCConfigurationList section */
		1CEA4F9721C7A41200D47389 /* Build configuration list for PBXProject "AKMultipleImagePicker" */ = {
			isa = XCConfigurationList;
			buildConfigurations = (
				1CEA4FAC21C7A41600D47389 /* Debug */,
				1CEA4FAD21C7A41600D47389 /* Release */,
			);
			defaultConfigurationIsVisible = 0;
			defaultConfigurationName = Release;
		};
		1CEA4FAE21C7A41600D47389 /* Build configuration list for PBXNativeTarget "AKMultipleImagePicker" */ = {
			isa = XCConfigurationList;
			buildConfigurations = (
				1CEA4FAF21C7A41600D47389 /* Debug */,
				1CEA4FB021C7A41600D47389 /* Release */,
			);
			defaultConfigurationIsVisible = 0;
			defaultConfigurationName = Release;
		};
/* End XCConfigurationList section */
	};
	rootObject = 1CEA4F9421C7A41200D47389 /* Project object */;
}
